
Microsoft Visual Studio Solution File, Format Version 12.00
# Visual Studio Version 16
VisualStudioVersion = 16.0.29424.173
MinimumVisualStudioVersion = 10.0.40219.1
Project("{9A19103F-16F7-4668-BE54-9A1E7A4F7556}") = "Generics", "Generics\Generics.csproj", "{66378462-E807-4ED3-86E9-DD0931442EF9}"
EndProject
Project("{9A19103F-16F7-4668-BE54-9A1E7A4F7556}") = "Delegates", "Delegates\Delegates.csproj", "{9C1D4BE7-5049-459A-816D-02D303E804E6}"
EndProject
Project("{FAE04EC0-301F-11D3-BF4B-00C04F79EFBC}") = "Lambda_Expressions", "Lambda_Expressions\Lambda_Expressions.csproj", "{700B280A-56F9-498E-8A93-31973CD63506}"
EndProject
Project("{FAE04EC0-301F-11D3-BF4B-00C04F79EFBC}") = "Events", "Events\Events.csproj", "{A5136205-BC33-48D1-AF2C-410F1C0D29CE}"
EndProject
Project("{FAE04EC0-301F-11D3-BF4B-00C04F79EFBC}") = "Extension_Methods", "Extension_Methods\Extension_Methods.csproj", "{0C034C1C-46B1-41B3-B091-A404F42AE639}"
EndProject
Global
	GlobalSection(SolutionConfigurationPlatforms) = preSolution
		Debug|Any CPU = Debug|Any CPU
		Release|Any CPU = Release|Any CPU
	EndGlobalSection
	GlobalSection(ProjectConfigurationPlatforms) = postSolution
		{66378462-E807-4ED3-86E9-DD0931442EF9}.Debug|Any CPU.ActiveCfg = Debug|Any CPU
		{66378462-E807-4ED3-86E9-DD0931442EF9}.Debug|Any CPU.Build.0 = Debug|Any CPU
		{66378462-E807-4ED3-86E9-DD0931442EF9}.Release|Any CPU.ActiveCfg = Release|Any CPU
		{66378462-E807-4ED3-86E9-DD0931442EF9}.Release|Any CPU.Build.0 = Release|Any CPU
		{9C1D4BE7-5049-459A-816D-02D303E804E6}.Debug|Any CPU.ActiveCfg = Debug|Any CPU
		{9C1D4BE7-5049-459A-816D-02D303E804E6}.Debug|Any CPU.Build.0 = Debug|Any CPU
		{9C1D4BE7-5049-459A-816D-02D303E804E6}.Release|Any CPU.ActiveCfg = Release|Any CPU
		{9C1D4BE7-5049-459A-816D-02D303E804E6}.Release|Any CPU.Build.0 = Release|Any CPU
		{700B280A-56F9-498E-8A93-31973CD63506}.Debug|Any CPU.ActiveCfg = Debug|Any CPU
		{700B280A-56F9-498E-8A93-31973CD63506}.Debug|Any CPU.Build.0 = Debug|Any CPU
		{700B280A-56F9-498E-8A93-31973CD63506}.Release|Any CPU.ActiveCfg = Release|Any CPU
		{700B280A-56F9-498E-8A93-31973CD63506}.Release|Any CPU.Build.0 = Release|Any CPU
		{A5136205-BC33-48D1-AF2C-410F1C0D29CE}.Debug|Any CPU.ActiveCfg = Debug|Any CPU
		{A5136205-BC33-48D1-AF2C-410F1C0D29CE}.Debug|Any CPU.Build.0 = Debug|Any CPU
		{A5136205-BC33-48D1-AF2C-410F1C0D29CE}.Release|Any CPU.ActiveCfg = Release|Any CPU
		{A5136205-BC33-48D1-AF2C-410F1C0D29CE}.Release|Any CPU.Build.0 = Release|Any CPU
		{0C034C1C-46B1-41B3-B091-A404F42AE639}.Debug|Any CPU.ActiveCfg = Debug|Any CPU
		{0C034C1C-46B1-41B3-B091-A404F42AE639}.Debug|Any CPU.Build.0 = Debug|Any CPU
		{0C034C1C-46B1-41B3-B091-A404F42AE639}.Release|Any CPU.ActiveCfg = Release|Any CPU
		{0C034C1C-46B1-41B3-B091-A404F42AE639}.Release|Any CPU.Build.0 = Release|Any CPU
	EndGlobalSection
	GlobalSection(SolutionProperties) = preSolution
		HideSolutionNode = FALSE
	EndGlobalSection
	GlobalSection(ExtensibilityGlobals) = postSolution
		SolutionGuid = {C30A23DD-52B3-4DC4-867E-6D6792AAFB69}
	EndGlobalSection
EndGlobal
